// !$*UTF8*$!
{
	archiveVersion = 1;
	classes = {
	};
	objectVersion = 56;
	objects = {

/* Begin PBXBuildFile section */
		991C0EE929A0785000DA4A9C /* mandhonaApp.swift in Sources */ = {isa = PBXBuildFile; fileRef = 991C0EE829A0785000DA4A9C /* mandhonaApp.swift */; };
		991C0EEB29A0785000DA4A9C /* ContentView.swift in Sources */ = {isa = PBXBuildFile; fileRef = 991C0EEA29A0785000DA4A9C /* ContentView.swift */; };
		991C0EED29A0785100DA4A9C /* Assets.xcassets in Resources */ = {isa = PBXBuildFile; fileRef = 991C0EEC29A0785100DA4A9C /* Assets.xcassets */; };
		991C0EF029A0785100DA4A9C /* Preview Assets.xcassets in Resources */ = {isa = PBXBuildFile; fileRef = 991C0EEF29A0785100DA4A9C /* Preview Assets.xcassets */; };
		991C0EFB29A0785200DA4A9C /* mandhonaTests.swift in Sources */ = {isa = PBXBuildFile; fileRef = 991C0EFA29A0785200DA4A9C /* mandhonaTests.swift */; };
		991C0F0529A0785200DA4A9C /* mandhonaUITests.swift in Sources */ = {isa = PBXBuildFile; fileRef = 991C0F0429A0785200DA4A9C /* mandhonaUITests.swift */; };
		991C0F0729A0785200DA4A9C /* mandhonaUITestsLaunchTests.swift in Sources */ = {isa = PBXBuildFile; fileRef = 991C0F0629A0785200DA4A9C /* mandhonaUITestsLaunchTests.swift */; };
/* End PBXBuildFile section */

/* Begin PBXContainerItemProxy section */
		991C0EF729A0785200DA4A9C /* PBXContainerItemProxy */ = {
			isa = PBXContainerItemProxy;
			containerPortal = 991C0EDD29A0785000DA4A9C /* Project object */;
			proxyType = 1;
			remoteGlobalIDString = 991C0EE429A0785000DA4A9C;
			remoteInfo = mandhona;
		};
		991C0F0129A0785200DA4A9C /* PBXContainerItemProxy */ = {
			isa = PBXContainerItemProxy;
			containerPortal = 991C0EDD29A0785000DA4A9C /* Project object */;
			proxyType = 1;
			remoteGlobalIDString = 991C0EE429A0785000DA4A9C;
			remoteInfo = mandhona;
		};
/* End PBXContainerItemProxy section */

/* Begin PBXFileReference section */
		991C0EE529A0785000DA4A9C /* mandhona.app */ = {isa = PBXFileReference; explicitFileType = wrapper.application; includeInIndex = 0; path = mandhona.app; sourceTree = BUILT_PRODUCTS_DIR; };
		991C0EE829A0785000DA4A9C /* mandhonaApp.swift */ = {isa = PBXFileReference; lastKnownFileType = sourcecode.swift; path = mandhonaApp.swift; sourceTree = "<group>"; };
		991C0EEA29A0785000DA4A9C /* ContentView.swift */ = {isa = PBXFileReference; lastKnownFileType = sourcecode.swift; path = ContentView.swift; sourceTree = "<group>"; };
		991C0EEC29A0785100DA4A9C /* Assets.xcassets */ = {isa = PBXFileReference; lastKnownFileType = folder.assetcatalog; path = Assets.xcassets; sourceTree = "<group>"; };
		991C0EEF29A0785100DA4A9C /* Preview Assets.xcassets */ = {isa = PBXFileReference; lastKnownFileType = folder.assetcatalog; path = "Preview Assets.xcassets"; sourceTree = "<group>"; };
		991C0EF129A0785100DA4A9C /* mandhona.entitlements */ = {isa = PBXFileReference; lastKnownFileType = text.plist.entitlements; path = mandhona.entitlements; sourceTree = "<group>"; };
		991C0EF629A0785200DA4A9C /* mandhonaTests.xctest */ = {isa = PBXFileReference; explicitFileType = wrapper.cfbundle; includeInIndex = 0; path = mandhonaTests.xctest; sourceTree = BUILT_PRODUCTS_DIR; };
		991C0EFA29A0785200DA4A9C /* mandhonaTests.swift */ = {isa = PBXFileReference; lastKnownFileType = sourcecode.swift; path = mandhonaTests.swift; sourceTree = "<group>"; };
		991C0F0029A0785200DA4A9C /* mandhonaUITests.xctest */ = {isa = PBXFileReference; explicitFileType = wrapper.cfbundle; includeInIndex = 0; path = mandhonaUITests.xctest; sourceTree = BUILT_PRODUCTS_DIR; };
		991C0F0429A0785200DA4A9C /* mandhonaUITests.swift */ = {isa = PBXFileReference; lastKnownFileType = sourcecode.swift; path = mandhonaUITests.swift; sourceTree = "<group>"; };
		991C0F0629A0785200DA4A9C /* mandhonaUITestsLaunchTests.swift */ = {isa = PBXFileReference; lastKnownFileType = sourcecode.swift; path = mandhonaUITestsLaunchTests.swift; sourceTree = "<group>"; };
/* End PBXFileReference section */

/* Begin PBXFrameworksBuildPhase section */
		991C0EE229A0785000DA4A9C /* Frameworks */ = {
			isa = PBXFrameworksBuildPhase;
			buildActionMask = 2147483647;
			files = (
			);
			runOnlyForDeploymentPostprocessing = 0;
		};
		991C0EF329A0785200DA4A9C /* Frameworks */ = {
			isa = PBXFrameworksBuildPhase;
			buildActionMask = 2147483647;
			files = (
			);
			runOnlyForDeploymentPostprocessing = 0;
		};
		991C0EFD29A0785200DA4A9C /* Frameworks */ = {
			isa = PBXFrameworksBuildPhase;
			buildActionMask = 2147483647;
			files = (
			);
			runOnlyForDeploymentPostprocessing = 0;
		};
/* End PBXFrameworksBuildPhase section */

/* Begin PBXGroup section */
		991C0EDC29A0785000DA4A9C = {
			isa = PBXGroup;
			children = (
				991C0EE729A0785000DA4A9C /* mandhona */,
				991C0EF929A0785200DA4A9C /* mandhonaTests */,
				991C0F0329A0785200DA4A9C /* mandhonaUITests */,
				991C0EE629A0785000DA4A9C /* Products */,
			);
			sourceTree = "<group>";
		};
		991C0EE629A0785000DA4A9C /* Products */ = {
			isa = PBXGroup;
			children = (
				991C0EE529A0785000DA4A9C /* mandhona.app */,
				991C0EF629A0785200DA4A9C /* mandhonaTests.xctest */,
				991C0F0029A0785200DA4A9C /* mandhonaUITests.xctest */,
			);
			name = Products;
			sourceTree = "<group>";
		};
		991C0EE729A0785000DA4A9C /* mandhona */ = {
			isa = PBXGroup;
			children = (
				991C0EE829A0785000DA4A9C /* mandhonaApp.swift */,
				991C0EEA29A0785000DA4A9C /* ContentView.swift */,
				991C0EEC29A0785100DA4A9C /* Assets.xcassets */,
				991C0EF129A0785100DA4A9C /* mandhona.entitlements */,
				991C0EEE29A0785100DA4A9C /* Preview Content */,
			);
			path = mandhona;
			sourceTree = "<group>";
		};
		991C0EEE29A0785100DA4A9C /* Preview Content */ = {
			isa = PBXGroup;
			children = (
				991C0EEF29A0785100DA4A9C /* Preview Assets.xcassets */,
			);
			path = "Preview Content";
			sourceTree = "<group>";
		};
		991C0EF929A0785200DA4A9C /* mandhonaTests */ = {
			isa = PBXGroup;
			children = (
				991C0EFA29A0785200DA4A9C /* mandhonaTests.swift */,
			);
			path = mandhonaTests;
			sourceTree = "<group>";
		};
		991C0F0329A0785200DA4A9C /* mandhonaUITests */ = {
			isa = PBXGroup;
			children = (
				991C0F0429A0785200DA4A9C /* mandhonaUITests.swift */,
				991C0F0629A0785200DA4A9C /* mandhonaUITestsLaunchTests.swift */,
			);
			path = mandhonaUITests;
			sourceTree = "<group>";
		};
/* End PBXGroup section */

/* Begin PBXNativeTarget section */
		991C0EE429A0785000DA4A9C /* mandhona */ = {
			isa = PBXNativeTarget;
			buildConfigurationList = 991C0F0A29A0785200DA4A9C /* Build configuration list for PBXNativeTarget "mandhona" */;
			buildPhases = (
				991C0EE129A0785000DA4A9C /* Sources */,
				991C0EE229A0785000DA4A9C /* Frameworks */,
				991C0EE329A0785000DA4A9C /* Resources */,
			);
			buildRules = (
			);
			dependencies = (
			);
			name = mandhona;
			productName = mandhona;
			productReference = 991C0EE529A0785000DA4A9C /* mandhona.app */;
			productType = "com.apple.product-type.application";
		};
		991C0EF529A0785200DA4A9C /* mandhonaTests */ = {
			isa = PBXNativeTarget;
			buildConfigurationList = 991C0F0D29A0785200DA4A9C /* Build configuration list for PBXNativeTarget "mandhonaTests" */;
			buildPhases = (
				991C0EF229A0785200DA4A9C /* Sources */,
				991C0EF329A0785200DA4A9C /* Frameworks */,
				991C0EF429A0785200DA4A9C /* Resources */,
			);
			buildRules = (
			);
			dependencies = (
				991C0EF829A0785200DA4A9C /* PBXTargetDependency */,
			);
			name = mandhonaTests;
			productName = mandhonaTests;
			productReference = 991C0EF629A0785200DA4A9C /* mandhonaTests.xctest */;
			productType = "com.apple.product-type.bundle.unit-test";
		};
		991C0EFF29A0785200DA4A9C /* mandhonaUITests */ = {
			isa = PBXNativeTarget;
			buildConfigurationList = 991C0F1029A0785200DA4A9C /* Build configuration list for PBXNativeTarget "mandhonaUITests" */;
			buildPhases = (
				991C0EFC29A0785200DA4A9C /* Sources */,
				991C0EFD29A0785200DA4A9C /* Frameworks */,
				991C0EFE29A0785200DA4A9C /* Resources */,
			);
			buildRules = (
			);
			dependencies = (
				991C0F0229A0785200DA4A9C /* PBXTargetDependency */,
			);
			name = mandhonaUITests;
			productName = mandhonaUITests;
			productReference = 991C0F0029A0785200DA4A9C /* mandhonaUITests.xctest */;
			productType = "com.apple.product-type.bundle.ui-testing";
		};
/* End PBXNativeTarget section */

/* Begin PBXProject section */
		991C0EDD29A0785000DA4A9C /* Project object */ = {
			isa = PBXProject;
			attributes = {
				BuildIndependentTargetsInParallel = 1;
				LastSwiftUpdateCheck = 1420;
				LastUpgradeCheck = 1420;
				TargetAttributes = {
					991C0EE429A0785000DA4A9C = {
						CreatedOnToolsVersion = 14.2;
					};
					991C0EF529A0785200DA4A9C = {
						CreatedOnToolsVersion = 14.2;
						TestTargetID = 991C0EE429A0785000DA4A9C;
					};
					991C0EFF29A0785200DA4A9C = {
						CreatedOnToolsVersion = 14.2;
						TestTargetID = 991C0EE429A0785000DA4A9C;
					};
				};
			};
			buildConfigurationList = 991C0EE029A0785000DA4A9C /* Build configuration list for PBXProject "mandhona" */;
			compatibilityVersion = "Xcode 14.0";
			developmentRegion = en;
			hasScannedForEncodings = 0;
			knownRegions = (
				en,
				Base,
			);
			mainGroup = 991C0EDC29A0785000DA4A9C;
			productRefGroup = 991C0EE629A0785000DA4A9C /* Products */;
			projectDirPath = "";
			projectRoot = "";
			targets = (
				991C0EE429A0785000DA4A9C /* mandhona */,
				991C0EF529A0785200DA4A9C /* mandhonaTests */,
				991C0EFF29A0785200DA4A9C /* mandhonaUITests */,
			);
		};
/* End PBXProject section */

/* Begin PBXResourcesBuildPhase section */
		991C0EE329A0785000DA4A9C /* Resources */ = {
			isa = PBXResourcesBuildPhase;
			buildActionMask = 2147483647;
			files = (
				991C0EF029A0785100DA4A9C /* Preview Assets.xcassets in Resources */,
				991C0EED29A0785100DA4A9C /* Assets.xcassets in Resources */,
			);
			runOnlyForDeploymentPostprocessing = 0;
		};
		991C0EF429A0785200DA4A9C /* Resources */ = {
			isa = PBXResourcesBuildPhase;
			buildActionMask = 2147483647;
			files = (
			);
			runOnlyForDeploymentPostprocessing = 0;
		};
		991C0EFE29A0785200DA4A9C /* Resources */ = {
			isa = PBXResourcesBuildPhase;
			buildActionMask = 2147483647;
			files = (
			);
			runOnlyForDeploymentPostprocessing = 0;
		};
/* End PBXResourcesBuildPhase section */

/* Begin PBXSourcesBuildPhase section */
		991C0EE129A0785000DA4A9C /* Sources */ = {
			isa = PBXSourcesBuildPhase;
			buildActionMask = 2147483647;
			files = (
				991C0EEB29A0785000DA4A9C /* ContentView.swift in Sources */,
				991C0EE929A0785000DA4A9C /* mandhonaApp.swift in Sources */,
			);
			runOnlyForDeploymentPostprocessing = 0;
		};
		991C0EF229A0785200DA4A9C /* Sources */ = {
			isa = PBXSourcesBuildPhase;
			buildActionMask = 2147483647;
			files = (
				991C0EFB29A0785200DA4A9C /* mandhonaTests.swift in Sources */,
			);
			runOnlyForDeploymentPostprocessing = 0;
		};
		991C0EFC29A0785200DA4A9C /* Sources */ = {
			isa = PBXSourcesBuildPhase;
			buildActionMask = 2147483647;
			files = (
				991C0F0729A0785200DA4A9C /* mandhonaUITestsLaunchTests.swift in Sources */,
				991C0F0529A0785200DA4A9C /* mandhonaUITests.swift in Sources */,
			);
			runOnlyForDeploymentPostprocessing = 0;
		};
/* End PBXSourcesBuildPhase section */

/* Begin PBXTargetDependency section */
		991C0EF829A0785200DA4A9C /* PBXTargetDependency */ = {
			isa = PBXTargetDependency;
			target = 991C0EE429A0785000DA4A9C /* mandhona */;
			targetProxy = 991C0EF729A0785200DA4A9C /* PBXContainerItemProxy */;
		};
		991C0F0229A0785200DA4A9C /* PBXTargetDependency */ = {
			isa = PBXTargetDependency;
			target = 991C0EE429A0785000DA4A9C /* mandhona */;
			targetProxy = 991C0F0129A0785200DA4A9C /* PBXContainerItemProxy */;
		};
/* End PBXTargetDependency section */

/* Begin XCBuildConfiguration section */
		991C0F0829A0785200DA4A9C /* Debug */ = {
			isa = XCBuildConfiguration;
			buildSettings = {
				ALWAYS_SEARCH_USER_PATHS = NO;
				CLANG_ANALYZER_NONNULL = YES;
				CLANG_ANALYZER_NUMBER_OBJECT_CONVERSION = YES_AGGRESSIVE;
				CLANG_CXX_LANGUAGE_STANDARD = "gnu++20";
				CLANG_ENABLE_MODULES = YES;
				CLANG_ENABLE_OBJC_ARC = YES;
				CLANG_ENABLE_OBJC_WEAK = YES;
				CLANG_WARN_BLOCK_CAPTURE_AUTORELEASING = YES;
				CLANG_WARN_BOOL_CONVERSION = YES;
				CLANG_WARN_COMMA = YES;
				CLANG_WARN_CONSTANT_CONVERSION = YES;
				CLANG_WARN_DEPRECATED_OBJC_IMPLEMENTATIONS = YES;
				CLANG_WARN_DIRECT_OBJC_ISA_USAGE = YES_ERROR;
				CLANG_WARN_DOCUMENTATION_COMMENTS = YES;
				CLANG_WARN_EMPTY_BODY = YES;
				CLANG_WARN_ENUM_CONVERSION = YES;
				CLANG_WARN_INFINITE_RECURSION = YES;
				CLANG_WARN_INT_CONVERSION = YES;
				CLANG_WARN_NON_LITERAL_NULL_CONVERSION = YES;
				CLANG_WARN_OBJC_IMPLICIT_RETAIN_SELF = YES;
				CLANG_WARN_OBJC_LITERAL_CONVERSION = YES;
				CLANG_WARN_OBJC_ROOT_CLASS = YES_ERROR;
				CLANG_WARN_QUOTED_INCLUDE_IN_FRAMEWORK_HEADER = YES;
				CLANG_WARN_RANGE_LOOP_ANALYSIS = YES;
				CLANG_WARN_STRICT_PROTOTYPES = YES;
				CLANG_WARN_SUSPICIOUS_MOVE = YES;
				CLANG_WARN_UNGUARDED_AVAILABILITY = YES_AGGRESSIVE;
				CLANG_WARN_UNREACHABLE_CODE = YES;
				CLANG_WARN__DUPLICATE_METHOD_MATCH = YES;
				COPY_PHASE_STRIP = NO;
				DEBUG_INFORMATION_FORMAT = dwarf;
				ENABLE_STRICT_OBJC_MSGSEND = YES;
				ENABLE_TESTABILITY = YES;
				GCC_C_LANGUAGE_STANDARD = gnu11;
				GCC_DYNAMIC_NO_PIC = NO;
				GCC_NO_COMMON_BLOCKS = YES;
				GCC_OPTIMIZATION_LEVEL = 0;
				GCC_PREPROCESSOR_DEFINITIONS = (
					"DEBUG=1",
					"$(inherited)",
				);
				GCC_WARN_64_TO_32_BIT_CONVERSION = YES;
				GCC_WARN_ABOUT_RETURN_TYPE = YES_ERROR;
				GCC_WARN_UNDECLARED_SELECTOR = YES;
				GCC_WARN_UNINITIALIZED_AUTOS = YES_AGGRESSIVE;
				GCC_WARN_UNUSED_FUNCTION = YES;
				GCC_WARN_UNUSED_VARIABLE = YES;
				MACOSX_DEPLOYMENT_TARGET = 13.1;
				MTL_ENABLE_DEBUG_INFO = INCLUDE_SOURCE;
				MTL_FAST_MATH = YES;
				ONLY_ACTIVE_ARCH = YES;
				SDKROOT = macosx;
				SWIFT_ACTIVE_COMPILATION_CONDITIONS = DEBUG;
				SWIFT_OPTIMIZATION_LEVEL = "-Onone";
			};
			name = Debug;
		};
		991C0F0929A0785200DA4A9C /* Release */ = {
			isa = XCBuildConfiguration;
			buildSettings = {
				ALWAYS_SEARCH_USER_PATHS = NO;
				CLANG_ANALYZER_NONNULL = YES;
				CLANG_ANALYZER_NUMBER_OBJECT_CONVERSION = YES_AGGRESSIVE;
				CLANG_CXX_LANGUAGE_STANDARD = "gnu++20";
				CLANG_ENABLE_MODULES = YES;
				CLANG_ENABLE_OBJC_ARC = YES;
				CLANG_ENABLE_OBJC_WEAK = YES;
				CLANG_WARN_BLOCK_CAPTURE_AUTORELEASING = YES;
				CLANG_WARN_BOOL_CONVERSION = YES;
				CLANG_WARN_COMMA = YES;
				CLANG_WARN_CONSTANT_CONVERSION = YES;
				CLANG_WARN_DEPRECATED_OBJC_IMPLEMENTATIONS = YES;
				CLANG_WARN_DIRECT_OBJC_ISA_USAGE = YES_ERROR;
				CLANG_WARN_DOCUMENTATION_COMMENTS = YES;
				CLANG_WARN_EMPTY_BODY = YES;
				CLANG_WARN_ENUM_CONVERSION = YES;
				CLANG_WARN_INFINITE_RECURSION = YES;
				CLANG_WARN_INT_CONVERSION = YES;
				CLANG_WARN_NON_LITERAL_NULL_CONVERSION = YES;
				CLANG_WARN_OBJC_IMPLICIT_RETAIN_SELF = YES;
				CLANG_WARN_OBJC_LITERAL_CONVERSION = YES;
				CLANG_WARN_OBJC_ROOT_CLASS = YES_ERROR;
				CLANG_WARN_QUOTED_INCLUDE_IN_FRAMEWORK_HEADER = YES;
				CLANG_WARN_RANGE_LOOP_ANALYSIS = YES;
				CLANG_WARN_STRICT_PROTOTYPES = YES;
				CLANG_WARN_SUSPICIOUS_MOVE = YES;
				CLANG_WARN_UNGUARDED_AVAILABILITY = YES_AGGRESSIVE;
				CLANG_WARN_UNREACHABLE_CODE = YES;
				CLANG_WARN__DUPLICATE_METHOD_MATCH = YES;
				COPY_PHASE_STRIP = NO;
				DEBUG_INFORMATION_FORMAT = "dwarf-with-dsym";
				ENABLE_NS_ASSERTIONS = NO;
				ENABLE_STRICT_OBJC_MSGSEND = YES;
				GCC_C_LANGUAGE_STANDARD = gnu11;
				GCC_NO_COMMON_BLOCKS = YES;
				GCC_WARN_64_TO_32_BIT_CONVERSION = YES;
				GCC_WARN_ABOUT_RETURN_TYPE = YES_ERROR;
				GCC_WARN_UNDECLARED_SELECTOR = YES;
				GCC_WARN_UNINITIALIZED_AUTOS = YES_AGGRESSIVE;
				GCC_WARN_UNUSED_FUNCTION = YES;
				GCC_WARN_UNUSED_VARIABLE = YES;
				MACOSX_DEPLOYMENT_TARGET = 13.1;
				MTL_ENABLE_DEBUG_INFO = NO;
				MTL_FAST_MATH = YES;
				SDKROOT = macosx;
				SWIFT_COMPILATION_MODE = wholemodule;
				SWIFT_OPTIMIZATION_LEVEL = "-O";
			};
			name = Release;
		};
		991C0F0B29A0785200DA4A9C /* Debug */ = {
			isa = XCBuildConfiguration;
			buildSettings = {
				ASSETCATALOG_COMPILER_APPICON_NAME = AppIcon;
				ASSETCATALOG_COMPILER_GLOBAL_ACCENT_COLOR_NAME = AccentColor;
				CODE_SIGN_ENTITLEMENTS = mandhona/mandhona.entitlements;
				CODE_SIGN_STYLE = Automatic;
				COMBINE_HIDPI_IMAGES = YES;
				CURRENT_PROJECT_VERSION = 1;
				DEVELOPMENT_ASSET_PATHS = "\"mandhona/Preview Content\"";
				ENABLE_PREVIEWS = YES;
				GENERATE_INFOPLIST_FILE = YES;
				INFOPLIST_KEY_NSHumanReadableCopyright = "";
				LD_RUNPATH_SEARCH_PATHS = (
					"$(inherited)",
					"@executable_path/../Frameworks",
				);
				MARKETING_VERSION = 1.0;
				PRODUCT_BUNDLE_IDENTIFIER = making.mandhona;
				PRODUCT_NAME = "$(TARGET_NAME)";
				SWIFT_EMIT_LOC_STRINGS = YES;
				SWIFT_VERSION = 5.0;
			};
			name = Debug;
		};
		991C0F0C29A0785200DA4A9C /* Release */ = {
			isa = XCBuildConfiguration;
			buildSettings = {
				ASSETCATALOG_COMPILER_APPICON_NAME = AppIcon;
				ASSETCATALOG_COMPILER_GLOBAL_ACCENT_COLOR_NAME = AccentColor;
				CODE_SIGN_ENTITLEMENTS = mandhona/mandhona.entitlements;
				CODE_SIGN_STYLE = Automatic;
				COMBINE_HIDPI_IMAGES = YES;
				CURRENT_PROJECT_VERSION = 1;
				DEVELOPMENT_ASSET_PATHS = "\"mandhona/Preview Content\"";
				ENABLE_PREVIEWS = YES;
				GENERATE_INFOPLIST_FILE = YES;
				INFOPLIST_KEY_NSHumanReadableCopyright = "";
				LD_RUNPATH_SEARCH_PATHS = (
					"$(inherited)",
					"@executable_path/../Frameworks",
				);
				MARKETING_VERSION = 1.0;
				PRODUCT_BUNDLE_IDENTIFIER = making.mandhona;
				PRODUCT_NAME = "$(TARGET_NAME)";
				SWIFT_EMIT_LOC_STRINGS = YES;
				SWIFT_VERSION = 5.0;
			};
			name = Release;
		};
		991C0F0E29A0785200DA4A9C /* Debug */ = {
			isa = XCBuildConfiguration;
			buildSettings = {
				ALWAYS_EMBED_SWIFT_STANDARD_LIBRARIES = YES;
				BUNDLE_LOADER = "$(TEST_HOST)";
				CODE_SIGN_STYLE = Automatic;
				CURRENT_PROJECT_VERSION = 1;
				GENERATE_INFOPLIST_FILE = YES;
				MACOSX_DEPLOYMENT_TARGET = 13.1;
				MARKETING_VERSION = 1.0;
				PRODUCT_BUNDLE_IDENTIFIER = making.mandhonaTests;
				PRODUCT_NAME = "$(TARGET_NAME)";
				SWIFT_EMIT_LOC_STRINGS = NO;
				SWIFT_VERSION = 5.0;
				TEST_HOST = "$(BUILT_PRODUCTS_DIR)/mandhona.app/$(BUNDLE_EXECUTABLE_FOLDER_PATH)/mandhona";
			};
			name = Debug;
		};
		991C0F0F29A0785200DA4A9C /* Release */ = {
			isa = XCBuildConfiguration;
			buildSettings = {
				ALWAYS_EMBED_SWIFT_STANDARD_LIBRARIES = YES;
				BUNDLE_LOADER = "$(TEST_HOST)";
				CODE_SIGN_STYLE = Automatic;
				CURRENT_PROJECT_VERSION = 1;
				GENERATE_INFOPLIST_FILE = YES;
				MACOSX_DEPLOYMENT_TARGET = 13.1;
				MARKETING_VERSION = 1.0;
				PRODUCT_BUNDLE_IDENTIFIER = making.mandhonaTests;
				PRODUCT_NAME = "$(TARGET_NAME)";
				SWIFT_EMIT_LOC_STRINGS = NO;
				SWIFT_VERSION = 5.0;
				TEST_HOST = "$(BUILT_PRODUCTS_DIR)/mandhona.app/$(BUNDLE_EXECUTABLE_FOLDER_PATH)/mandhona";
			};
			name = Release;
		};
		991C0F1129A0785200DA4A9C /* Debug */ = {
			isa = XCBuildConfiguration;
			buildSettings = {
				ALWAYS_EMBED_SWIFT_STANDARD_LIBRARIES = YES;
				CODE_SIGN_STYLE = Automatic;
				CURRENT_PROJECT_VERSION = 1;
				GENERATE_INFOPLIST_FILE = YES;
				MARKETING_VERSION = 1.0;
				PRODUCT_BUNDLE_IDENTIFIER = making.mandhonaUITests;
				PRODUCT_NAME = "$(TARGET_NAME)";
				SWIFT_EMIT_LOC_STRINGS = NO;
				SWIFT_VERSION = 5.0;
				TEST_TARGET_NAME = mandhona;
			};
			name = Debug;
		};
		991C0F1229A0785200DA4A9C /* Release */ = {
			isa = XCBuildConfiguration;
			buildSettings = {
				ALWAYS_EMBED_SWIFT_STANDARD_LIBRARIES = YES;
				CODE_SIGN_STYLE = Automatic;
				CURRENT_PROJECT_VERSION = 1;
				GENERATE_INFOPLIST_FILE = YES;
				MARKETING_VERSION = 1.0;
				PRODUCT_BUNDLE_IDENTIFIER = making.mandhonaUITests;
				PRODUCT_NAME = "$(TARGET_NAME)";
				SWIFT_EMIT_LOC_STRINGS = NO;
				SWIFT_VERSION = 5.0;
				TEST_TARGET_NAME = mandhona;
			};
			name = Release;
		};
/* End XCBuildConfiguration section */

/* Begin XCConfigurationList section */
		991C0EE029A0785000DA4A9C /* Build configuration list for PBXProject "mandhona" */ = {
			isa = XCConfigurationList;
			buildConfigurations = (
				991C0F0829A0785200DA4A9C /* Debug */,
				991C0F0929A0785200DA4A9C /* Release */,
			);
			defaultConfigurationIsVisible = 0;
			defaultConfigurationName = Release;
		};
		991C0F0A29A0785200DA4A9C /* Build configuration list for PBXNativeTarget "mandhona" */ = {
			isa = XCConfigurationList;
			buildConfigurations = (
				991C0F0B29A0785200DA4A9C /* Debug */,
				991C0F0C29A0785200DA4A9C /* Release */,
			);
			defaultConfigurationIsVisible = 0;
			defaultConfigurationName = Release;
		};
		991C0F0D29A0785200DA4A9C /* Build configuration list for PBXNativeTarget "mandhonaTests" */ = {
			isa = XCConfigurationList;
			buildConfigurations = (
				991C0F0E29A0785200DA4A9C /* Debug */,
				991C0F0F29A0785200DA4A9C /* Release */,
			);
			defaultConfigurationIsVisible = 0;
			defaultConfigurationName = Release;
		};
		991C0F1029A0785200DA4A9C /* Build configuration list for PBXNativeTarget "mandhonaUITests" */ = {
			isa = XCConfigurationList;
			buildConfigurations = (
				991C0F1129A0785200DA4A9C /* Debug */,
				991C0F1229A0785200DA4A9C /* Release */,
			);
			defaultConfigurationIsVisible = 0;
			defaultConfigurationName = Release;
		};
/* End XCConfigurationList section */
	};
	rootObject = 991C0EDD29A0785000DA4A9C /* Project object */;
}
